
Microsoft Visual Studio Solution File, Format Version 12.00
# Visual Studio 2013
VisualStudioVersion = 12.0.21005.1
MinimumVisualStudioVersion = 10.0.40219.1
Project("{FAE04EC0-301F-11D3-BF4B-00C04F79EFBC}") = "FXCGui", "FXCGui\FXCGui.csproj", "{BD51DA4A-AE1B-4400-8FB5-B0D2582EE4A0}"
EndProject
Global
	GlobalSection(TeamFoundationVersionControl) = preSolution
		SccNumberOfProjects = 2
		SccEnterpriseProvider = {4CA58AB2-18FA-4F8D-95D4-32DDF27D184C}
		SccTeamFoundationServer = https://tfs.codeplex.com/tfs/tfs20
		SccLocalPath0 = .
		SccProjectUniqueName1 = FXCGui\\FXCGui.csproj
		SccProjectName1 = FXCGui
		SccLocalPath1 = FXCGui
	EndGlobalSection
	GlobalSection(SolutionConfigurationPlatforms) = preSolution
		Debug|Any CPU = Debug|Any CPU
		Release|Any CPU = Release|Any CPU
	EndGlobalSection
	GlobalSection(ProjectConfigurationPlatforms) = postSolution
		{BD51DA4A-AE1B-4400-8FB5-B0D2582EE4A0}.Debug|Any CPU.ActiveCfg = Debug|Any CPU
		{BD51DA4A-AE1B-4400-8FB5-B0D2582EE4A0}.Debug|Any CPU.Build.0 = Debug|Any CPU
		{BD51DA4A-AE1B-4400-8FB5-B0D2582EE4A0}.Release|Any CPU.ActiveCfg = Release|Any CPU
		{BD51DA4A-AE1B-4400-8FB5-B0D2582EE4A0}.Release|Any CPU.Build.0 = Release|Any CPU
	EndGlobalSection
	GlobalSection(SolutionProperties) = preSolution
		HideSolutionNode = FALSE
	EndGlobalSection
EndGlobal
